
Microsoft Visual Studio Solution File, Format Version 12.00
# Visual Studio 15
VisualStudioVersion = 15.0.28010.2016
MinimumVisualStudioVersion = 10.0.40219.1
Project("{FAE04EC0-301F-11D3-BF4B-00C04F79EFBC}") = "Traveler", "Traveler\Traveler.csproj", "{C9DB71BB-02C0-408A-ADA5-B55A288109F5}"
EndProject
Project("{FAE04EC0-301F-11D3-BF4B-00C04F79EFBC}") = "Traveler.Tests", "Traveler.Tests\Traveler.Tests.csproj", "{B121DD3E-6A85-44C1-BA87-8D3C31D76411}"
EndProject
Global
	GlobalSection(SolutionConfigurationPlatforms) = preSolution
		Debug|Any CPU = Debug|Any CPU
		Release|Any CPU = Release|Any CPU
	EndGlobalSection
	GlobalSection(ProjectConfigurationPlatforms) = postSolution
		{C9DB71BB-02C0-408A-ADA5-B55A288109F5}.Debug|Any CPU.ActiveCfg = Debug|Any CPU
		{C9DB71BB-02C0-408A-ADA5-B55A288109F5}.Debug|Any CPU.Build.0 = Debug|Any CPU
		{C9DB71BB-02C0-408A-ADA5-B55A288109F5}.Release|Any CPU.ActiveCfg = Release|Any CPU
		{C9DB71BB-02C0-408A-ADA5-B55A288109F5}.Release|Any CPU.Build.0 = Release|Any CPU
		{B121DD3E-6A85-44C1-BA87-8D3C31D76411}.Debug|Any CPU.ActiveCfg = Debug|Any CPU
		{B121DD3E-6A85-44C1-BA87-8D3C31D76411}.Debug|Any CPU.Build.0 = Debug|Any CPU
		{B121DD3E-6A85-44C1-BA87-8D3C31D76411}.Release|Any CPU.ActiveCfg = Release|Any CPU
		{B121DD3E-6A85-44C1-BA87-8D3C31D76411}.Release|Any CPU.Build.0 = Release|Any CPU
	EndGlobalSection
	GlobalSection(SolutionProperties) = preSolution
		HideSolutionNode = FALSE
	EndGlobalSection
	GlobalSection(ExtensibilityGlobals) = postSolution
		SolutionGuid = {0D4568C0-35F2-4421-B18C-1B46839D604F}
	EndGlobalSection
EndGlobal
